
Microsoft Visual Studio Solution File, Format Version 12.00
# Visual Studio Version 17
VisualStudioVersion = 17.4.33122.133
MinimumVisualStudioVersion = 10.0.40219.1
Project("{FAE04EC0-301F-11D3-BF4B-00C04F79EFBC}") = "Lab4_LiliyaBukhtik", "Lab4_LiliyaBukhtik.csproj", "{749B0C44-B77E-43BC-BEA3-B96AF76081F2}"
EndProject
Global
	GlobalSection(SolutionConfigurationPlatforms) = preSolution
		Debug|Any CPU = Debug|Any CPU
		Release|Any CPU = Release|Any CPU
	EndGlobalSection
	GlobalSection(ProjectConfigurationPlatforms) = postSolution
		{749B0C44-B77E-43BC-BEA3-B96AF76081F2}.Debug|Any CPU.ActiveCfg = Debug|Any CPU
		{749B0C44-B77E-43BC-BEA3-B96AF76081F2}.Debug|Any CPU.Build.0 = Debug|Any CPU
		{749B0C44-B77E-43BC-BEA3-B96AF76081F2}.Release|Any CPU.ActiveCfg = Release|Any CPU
		{749B0C44-B77E-43BC-BEA3-B96AF76081F2}.Release|Any CPU.Build.0 = Release|Any CPU
	EndGlobalSection
	GlobalSection(SolutionProperties) = preSolution
		HideSolutionNode = FALSE
	EndGlobalSection
	GlobalSection(ExtensibilityGlobals) = postSolution
		SolutionGuid = {343A7DD0-37D8-4436-88CE-01427F8BFB7C}
	EndGlobalSection
EndGlobal
